Microsoft Visual Studio Solution File, Format Version 12.00
# Visual Studio Version 17
VisualStudioVersion = 17.5.2.0
MinimumVisualStudioVersion = 10.0.40219.1
Project("{2150E333-8FDC-42A3-9474-1A3956D46DE8}") = "_01_fundamentals", "_01_fundamentals", "{B16B0A25-0EA5-5C93-901F-871C5594956F}"
EndProject
Project("{FAE04EC0-301F-11D3-BF4B-00C04F79EFBC}") = "Course1", "_01_fundamentals\FirstDay\Course1.csproj", "{FEC12D6D-C295-F80A-D54F-7D65A0FC12AA}"
EndProject
Global
	GlobalSection(SolutionConfigurationPlatforms) = preSolution
		Debug|Any CPU = Debug|Any CPU
		Release|Any CPU = Release|Any CPU
	EndGlobalSection
	GlobalSection(ProjectConfigurationPlatforms) = postSolution
		{FEC12D6D-C295-F80A-D54F-7D65A0FC12AA}.Debug|Any CPU.ActiveCfg = Debug|Any CPU
		{FEC12D6D-C295-F80A-D54F-7D65A0FC12AA}.Debug|Any CPU.Build.0 = Debug|Any CPU
		{FEC12D6D-C295-F80A-D54F-7D65A0FC12AA}.Release|Any CPU.ActiveCfg = Release|Any CPU
		{FEC12D6D-C295-F80A-D54F-7D65A0FC12AA}.Release|Any CPU.Build.0 = Release|Any CPU
	EndGlobalSection
	GlobalSection(SolutionProperties) = preSolution
		HideSolutionNode = FALSE
	EndGlobalSection
	GlobalSection(NestedProjects) = preSolution
		{FEC12D6D-C295-F80A-D54F-7D65A0FC12AA} = {B16B0A25-0EA5-5C93-901F-871C5594956F}
	EndGlobalSection
	GlobalSection(ExtensibilityGlobals) = postSolution
		SolutionGuid = {D3EDEA9A-EA0D-42F2-ABAB-2F693EEC7FC5}
	EndGlobalSection
EndGlobal
